
Microsoft Visual Studio Solution File, Format Version 12.00
# Visual Studio Version 16
VisualStudioVersion = 16.0.30523.141
MinimumVisualStudioVersion = 10.0.40219.1
Project("{FAE04EC0-301F-11D3-BF4B-00C04F79EFBC}") = "BethanysPieShop", "BethanysPieShop\BethanysPieShop.csproj", "{33E61BA1-BB10-4DEF-BAAE-FB87A0547ADA}"
EndProject
Global
	GlobalSection(SolutionConfigurationPlatforms) = preSolution
		Debug|Any CPU = Debug|Any CPU
		Release|Any CPU = Release|Any CPU
	EndGlobalSection
	GlobalSection(ProjectConfigurationPlatforms) = postSolution
		{33E61BA1-BB10-4DEF-BAAE-FB87A0547ADA}.Debug|Any CPU.ActiveCfg = Debug|Any CPU
		{33E61BA1-BB10-4DEF-BAAE-FB87A0547ADA}.Debug|Any CPU.Build.0 = Debug|Any CPU
		{33E61BA1-BB10-4DEF-BAAE-FB87A0547ADA}.Release|Any CPU.ActiveCfg = Release|Any CPU
		{33E61BA1-BB10-4DEF-BAAE-FB87A0547ADA}.Release|Any CPU.Build.0 = Release|Any CPU
	EndGlobalSection
	GlobalSection(SolutionProperties) = preSolution
		HideSolutionNode = FALSE
	EndGlobalSection
	GlobalSection(ExtensibilityGlobals) = postSolution
		SolutionGuid = {7328F9D2-06A5-4BFE-8E84-4EE22A8788FF}
	EndGlobalSection
EndGlobal
